// !$*UTF8*$!
{
	archiveVersion = 1;
	classes = {
	};
	objectVersion = 55;
	objects = {

/* Begin PBXBuildFile section */
		E51AA5212A5F866800CA2CE1 /* Card.swift in Sources */ = {isa = PBXBuildFile; fileRef = E51AA5202A5F866800CA2CE1 /* Card.swift */; };
		E51AA5242A5F870300CA2CE1 /* DatabaseController.swift in Sources */ = {isa = PBXBuildFile; fileRef = E51AA5232A5F870300CA2CE1 /* DatabaseController.swift */; };
		E51AA5272A5F88A300CA2CE1 /* Realm.swift in Sources */ = {isa = PBXBuildFile; fileRef = E51AA5262A5F88A300CA2CE1 /* Realm.swift */; };
		E51AA5292A5F88B800CA2CE1 /* Keychain.swift in Sources */ = {isa = PBXBuildFile; fileRef = E51AA5282A5F88B800CA2CE1 /* Keychain.swift */; };
		E51AA52B2A5F893700CA2CE1 /* NetworkController.swift in Sources */ = {isa = PBXBuildFile; fileRef = E51AA52A2A5F893700CA2CE1 /* NetworkController.swift */; };
		E51AA52E2A5F8E5800CA2CE1 /* User.swift in Sources */ = {isa = PBXBuildFile; fileRef = E51AA52D2A5F8E5800CA2CE1 /* User.swift */; };
		E51AA5302A5F8EB800CA2CE1 /* CardListView.swift in Sources */ = {isa = PBXBuildFile; fileRef = E51AA52F2A5F8EB800CA2CE1 /* CardListView.swift */; };
		E51AA5322A5F8EDA00CA2CE1 /* CardListViewModel.swift in Sources */ = {isa = PBXBuildFile; fileRef = E51AA5312A5F8EDA00CA2CE1 /* CardListViewModel.swift */; };
		E51AA5342A5F8EEB00CA2CE1 /* CardViewModel.swift in Sources */ = {isa = PBXBuildFile; fileRef = E51AA5332A5F8EEB00CA2CE1 /* CardViewModel.swift */; };
		E51AA5362A5F8F0500CA2CE1 /* CardView.swift in Sources */ = {isa = PBXBuildFile; fileRef = E51AA5352A5F8F0500CA2CE1 /* CardView.swift */; };
		E590E9C32A3D1F9800142040 /* Daily_DiverApp.swift in Sources */ = {isa = PBXBuildFile; fileRef = E590E9C22A3D1F9800142040 /* Daily_DiverApp.swift */; };
		E590E9C52A3D1F9800142040 /* ContentView.swift in Sources */ = {isa = PBXBuildFile; fileRef = E590E9C42A3D1F9800142040 /* ContentView.swift */; };
		E590E9C72A3D1F9A00142040 /* Assets.xcassets in Resources */ = {isa = PBXBuildFile; fileRef = E590E9C62A3D1F9A00142040 /* Assets.xcassets */; };
		E590E9CA2A3D1F9A00142040 /* Preview Assets.xcassets in Resources */ = {isa = PBXBuildFile; fileRef = E590E9C92A3D1F9A00142040 /* Preview Assets.xcassets */; };
/* End PBXBuildFile section */

/* Begin PBXFileReference section */
		E51AA5202A5F866800CA2CE1 /* Card.swift */ = {isa = PBXFileReference; lastKnownFileType = sourcecode.swift; path = Card.swift; sourceTree = "<group>"; };
		E51AA5232A5F870300CA2CE1 /* DatabaseController.swift */ = {isa = PBXFileReference; lastKnownFileType = sourcecode.swift; path = DatabaseController.swift; sourceTree = "<group>"; };
		E51AA5262A5F88A300CA2CE1 /* Realm.swift */ = {isa = PBXFileReference; lastKnownFileType = sourcecode.swift; path = Realm.swift; sourceTree = "<group>"; };
		E51AA5282A5F88B800CA2CE1 /* Keychain.swift */ = {isa = PBXFileReference; lastKnownFileType = sourcecode.swift; path = Keychain.swift; sourceTree = "<group>"; };
		E51AA52A2A5F893700CA2CE1 /* NetworkController.swift */ = {isa = PBXFileReference; lastKnownFileType = sourcecode.swift; path = NetworkController.swift; sourceTree = "<group>"; };
		E51AA52D2A5F8E5800CA2CE1 /* User.swift */ = {isa = PBXFileReference; lastKnownFileType = sourcecode.swift; path = User.swift; sourceTree = "<group>"; };
		E51AA52F2A5F8EB800CA2CE1 /* CardListView.swift */ = {isa = PBXFileReference; lastKnownFileType = sourcecode.swift; path = CardListView.swift; sourceTree = "<group>"; };
		E51AA5312A5F8EDA00CA2CE1 /* CardListViewModel.swift */ = {isa = PBXFileReference; lastKnownFileType = sourcecode.swift; path = CardListViewModel.swift; sourceTree = "<group>"; };
		E51AA5332A5F8EEB00CA2CE1 /* CardViewModel.swift */ = {isa = PBXFileReference; lastKnownFileType = sourcecode.swift; path = CardViewModel.swift; sourceTree = "<group>"; };
		E51AA5352A5F8F0500CA2CE1 /* CardView.swift */ = {isa = PBXFileReference; lastKnownFileType = sourcecode.swift; path = CardView.swift; sourceTree = "<group>"; };
		E590E9BF2A3D1F9800142040 /* Daily Diver.app */ = {isa = PBXFileReference; explicitFileType = wrapper.application; includeInIndex = 0; path = "Daily Diver.app"; sourceTree = BUILT_PRODUCTS_DIR; };
		E590E9C22A3D1F9800142040 /* Daily_DiverApp.swift */ = {isa = PBXFileReference; lastKnownFileType = sourcecode.swift; path = Daily_DiverApp.swift; sourceTree = "<group>"; };
		E590E9C42A3D1F9800142040 /* ContentView.swift */ = {isa = PBXFileReference; lastKnownFileType = sourcecode.swift; path = ContentView.swift; sourceTree = "<group>"; };
		E590E9C62A3D1F9A00142040 /* Assets.xcassets */ = {isa = PBXFileReference; lastKnownFileType = folder.assetcatalog; path = Assets.xcassets; sourceTree = "<group>"; };
		E590E9C92A3D1F9A00142040 /* Preview Assets.xcassets */ = {isa = PBXFileReference; lastKnownFileType = folder.assetcatalog; path = "Preview Assets.xcassets"; sourceTree = "<group>"; };
/* End PBXFileReference section */

/* Begin PBXFrameworksBuildPhase section */
		E590E9BC2A3D1F9800142040 /* Frameworks */ = {
			isa = PBXFrameworksBuildPhase;
			buildActionMask = 2147483647;
			files = (
			);
			runOnlyForDeploymentPostprocessing = 0;
		};
/* End PBXFrameworksBuildPhase section */

/* Begin PBXGroup section */
		E51AA51A2A5F85DD00CA2CE1 /* Models */ = {
			isa = PBXGroup;
			children = (
				E51AA5202A5F866800CA2CE1 /* Card.swift */,
				E51AA52D2A5F8E5800CA2CE1 /* User.swift */,
			);
			path = Models;
			sourceTree = "<group>";
		};
		E51AA51C2A5F85FE00CA2CE1 /* Views */ = {
			isa = PBXGroup;
			children = (
				E590E9C42A3D1F9800142040 /* ContentView.swift */,
				E51AA52F2A5F8EB800CA2CE1 /* CardListView.swift */,
				E51AA5352A5F8F0500CA2CE1 /* CardView.swift */,
			);
			path = Views;
			sourceTree = "<group>";
		};
		E51AA51E2A5F862A00CA2CE1 /* View Models */ = {
			isa = PBXGroup;
			children = (
				E51AA5312A5F8EDA00CA2CE1 /* CardListViewModel.swift */,
				E51AA5332A5F8EEB00CA2CE1 /* CardViewModel.swift */,
			);
			path = "View Models";
			sourceTree = "<group>";
		};
		E51AA51F2A5F863B00CA2CE1 /* App */ = {
			isa = PBXGroup;
			children = (
				E590E9C22A3D1F9800142040 /* Daily_DiverApp.swift */,
			);
			path = App;
			sourceTree = "<group>";
		};
		E51AA5222A5F86E600CA2CE1 /* Controller */ = {
			isa = PBXGroup;
			children = (
				E51AA52C2A5F894000CA2CE1 /* Networking */,
				E51AA5252A5F888800CA2CE1 /* Database */,
			);
			path = Controller;
			sourceTree = "<group>";
		};
		E51AA5252A5F888800CA2CE1 /* Database */ = {
			isa = PBXGroup;
			children = (
				E51AA5232A5F870300CA2CE1 /* DatabaseController.swift */,
				E51AA5262A5F88A300CA2CE1 /* Realm.swift */,
				E51AA5282A5F88B800CA2CE1 /* Keychain.swift */,
			);
			path = Database;
			sourceTree = "<group>";
		};
		E51AA52C2A5F894000CA2CE1 /* Networking */ = {
			isa = PBXGroup;
			children = (
				E51AA52A2A5F893700CA2CE1 /* NetworkController.swift */,
			);
			path = Networking;
			sourceTree = "<group>";
		};
		E590E9B62A3D1F9800142040 = {
			isa = PBXGroup;
			children = (
				E590E9C12A3D1F9800142040 /* Daily Diver */,
				E590E9C02A3D1F9800142040 /* Products */,
			);
			sourceTree = "<group>";
		};
		E590E9C02A3D1F9800142040 /* Products */ = {
			isa = PBXGroup;
			children = (
				E590E9BF2A3D1F9800142040 /* Daily Diver.app */,
			);
			name = Products;
			sourceTree = "<group>";
		};
		E590E9C12A3D1F9800142040 /* Daily Diver */ = {
			isa = PBXGroup;
			children = (
				E51AA51F2A5F863B00CA2CE1 /* App */,
				E51AA51E2A5F862A00CA2CE1 /* View Models */,
				E51AA51C2A5F85FE00CA2CE1 /* Views */,
				E51AA51A2A5F85DD00CA2CE1 /* Models */,
				E51AA5222A5F86E600CA2CE1 /* Controller */,
				E590E9C62A3D1F9A00142040 /* Assets.xcassets */,
				E590E9C82A3D1F9A00142040 /* Preview Content */,
			);
			path = "Daily Diver";
			sourceTree = "<group>";
		};
		E590E9C82A3D1F9A00142040 /* Preview Content */ = {
			isa = PBXGroup;
			children = (
				E590E9C92A3D1F9A00142040 /* Preview Assets.xcassets */,
			);
			path = "Preview Content";
			sourceTree = "<group>";
		};
/* End PBXGroup section */

/* Begin PBXNativeTarget section */
		E590E9BE2A3D1F9800142040 /* Daily Diver */ = {
			isa = PBXNativeTarget;
			buildConfigurationList = E590E9CD2A3D1F9A00142040 /* Build configuration list for PBXNativeTarget "Daily Diver" */;
			buildPhases = (
				E590E9BB2A3D1F9800142040 /* Sources */,
				E590E9BC2A3D1F9800142040 /* Frameworks */,
				E590E9BD2A3D1F9800142040 /* Resources */,
			);
			buildRules = (
			);
			dependencies = (
			);
			name = "Daily Diver";
			productName = "Daily Diver";
			productReference = E590E9BF2A3D1F9800142040 /* Daily Diver.app */;
			productType = "com.apple.product-type.application";
		};
/* End PBXNativeTarget section */

/* Begin PBXProject section */
		E590E9B72A3D1F9800142040 /* Project object */ = {
			isa = PBXProject;
			attributes = {
				BuildIndependentTargetsInParallel = 1;
				LastSwiftUpdateCheck = 1340;
				LastUpgradeCheck = 1340;
				TargetAttributes = {
					E590E9BE2A3D1F9800142040 = {
						CreatedOnToolsVersion = 13.4.1;
					};
				};
			};
			buildConfigurationList = E590E9BA2A3D1F9800142040 /* Build configuration list for PBXProject "Daily Diver" */;
			compatibilityVersion = "Xcode 13.0";
			developmentRegion = en;
			hasScannedForEncodings = 0;
			knownRegions = (
				en,
				Base,
			);
			mainGroup = E590E9B62A3D1F9800142040;
			productRefGroup = E590E9C02A3D1F9800142040 /* Products */;
			projectDirPath = "";
			projectRoot = "";
			targets = (
				E590E9BE2A3D1F9800142040 /* Daily Diver */,
			);
		};
/* End PBXProject section */

/* Begin PBXResourcesBuildPhase section */
		E590E9BD2A3D1F9800142040 /* Resources */ = {
			isa = PBXResourcesBuildPhase;
			buildActionMask = 2147483647;
			files = (
				E590E9CA2A3D1F9A00142040 /* Preview Assets.xcassets in Resources */,
				E590E9C72A3D1F9A00142040 /* Assets.xcassets in Resources */,
			);
			runOnlyForDeploymentPostprocessing = 0;
		};
/* End PBXResourcesBuildPhase section */

/* Begin PBXSourcesBuildPhase section */
		E590E9BB2A3D1F9800142040 /* Sources */ = {
			isa = PBXSourcesBuildPhase;
			buildActionMask = 2147483647;
			files = (
				E51AA5342A5F8EEB00CA2CE1 /* CardViewModel.swift in Sources */,
				E51AA5322A5F8EDA00CA2CE1 /* CardListViewModel.swift in Sources */,
				E51AA5272A5F88A300CA2CE1 /* Realm.swift in Sources */,
				E590E9C52A3D1F9800142040 /* ContentView.swift in Sources */,
				E51AA5242A5F870300CA2CE1 /* DatabaseController.swift in Sources */,
				E51AA5212A5F866800CA2CE1 /* Card.swift in Sources */,
				E51AA52E2A5F8E5800CA2CE1 /* User.swift in Sources */,
				E590E9C32A3D1F9800142040 /* Daily_DiverApp.swift in Sources */,
				E51AA52B2A5F893700CA2CE1 /* NetworkController.swift in Sources */,
				E51AA5302A5F8EB800CA2CE1 /* CardListView.swift in Sources */,
				E51AA5362A5F8F0500CA2CE1 /* CardView.swift in Sources */,
				E51AA5292A5F88B800CA2CE1 /* Keychain.swift in Sources */,
			);
			runOnlyForDeploymentPostprocessing = 0;
		};
/* End PBXSourcesBuildPhase section */

/* Begin XCBuildConfiguration section */
		E590E9CB2A3D1F9A00142040 /* Debug */ = {
			isa = XCBuildConfiguration;
			buildSettings = {
				ALWAYS_SEARCH_USER_PATHS = NO;
				CLANG_ANALYZER_NONNULL = YES;
				CLANG_ANALYZER_NUMBER_OBJECT_CONVERSION = YES_AGGRESSIVE;
				CLANG_CXX_LANGUAGE_STANDARD = "gnu++17";
				CLANG_ENABLE_MODULES = YES;
				CLANG_ENABLE_OBJC_ARC = YES;
				CLANG_ENABLE_OBJC_WEAK = YES;
				CLANG_WARN_BLOCK_CAPTURE_AUTORELEASING = YES;
				CLANG_WARN_BOOL_CONVERSION = YES;
				CLANG_WARN_COMMA = YES;
				CLANG_WARN_CONSTANT_CONVERSION = YES;
				CLANG_WARN_DEPRECATED_OBJC_IMPLEMENTATIONS = YES;
				CLANG_WARN_DIRECT_OBJC_ISA_USAGE = YES_ERROR;
				CLANG_WARN_DOCUMENTATION_COMMENTS = YES;
				CLANG_WARN_EMPTY_BODY = YES;
				CLANG_WARN_ENUM_CONVERSION = YES;
				CLANG_WARN_INFINITE_RECURSION = YES;
				CLANG_WARN_INT_CONVERSION = YES;
				CLANG_WARN_NON_LITERAL_NULL_CONVERSION = YES;
				CLANG_WARN_OBJC_IMPLICIT_RETAIN_SELF = YES;
				CLANG_WARN_OBJC_LITERAL_CONVERSION = YES;
				CLANG_WARN_OBJC_ROOT_CLASS = YES_ERROR;
				CLANG_WARN_QUOTED_INCLUDE_IN_FRAMEWORK_HEADER = YES;
				CLANG_WARN_RANGE_LOOP_ANALYSIS = YES;
				CLANG_WARN_STRICT_PROTOTYPES = YES;
				CLANG_WARN_SUSPICIOUS_MOVE = YES;
				CLANG_WARN_UNGUARDED_AVAILABILITY = YES_AGGRESSIVE;
				CLANG_WARN_UNREACHABLE_CODE = YES;
				CLANG_WARN__DUPLICATE_METHOD_MATCH = YES;
				COPY_PHASE_STRIP = NO;
				DEBUG_INFORMATION_FORMAT = dwarf;
				ENABLE_STRICT_OBJC_MSGSEND = YES;
				ENABLE_TESTABILITY = YES;
				GCC_C_LANGUAGE_STANDARD = gnu11;
				GCC_DYNAMIC_NO_PIC = NO;
				GCC_NO_COMMON_BLOCKS = YES;
				GCC_OPTIMIZATION_LEVEL = 0;
				GCC_PREPROCESSOR_DEFINITIONS = (
					"DEBUG=1",
					"$(inherited)",
				);
				GCC_WARN_64_TO_32_BIT_CONVERSION = YES;
				GCC_WARN_ABOUT_RETURN_TYPE = YES_ERROR;
				GCC_WARN_UNDECLARED_SELECTOR = YES;
				GCC_WARN_UNINITIALIZED_AUTOS = YES_AGGRESSIVE;
				GCC_WARN_UNUSED_FUNCTION = YES;
				GCC_WARN_UNUSED_VARIABLE = YES;
				IPHONEOS_DEPLOYMENT_TARGET = 15.5;
				MTL_ENABLE_DEBUG_INFO = INCLUDE_SOURCE;
				MTL_FAST_MATH = YES;
				ONLY_ACTIVE_ARCH = YES;
				SDKROOT = iphoneos;
				SWIFT_ACTIVE_COMPILATION_CONDITIONS = DEBUG;
				SWIFT_OPTIMIZATION_LEVEL = "-Onone";
			};
			name = Debug;
		};
		E590E9CC2A3D1F9A00142040 /* Release */ = {
			isa = XCBuildConfiguration;
			buildSettings = {
				ALWAYS_SEARCH_USER_PATHS = NO;
				CLANG_ANALYZER_NONNULL = YES;
				CLANG_ANALYZER_NUMBER_OBJECT_CONVERSION = YES_AGGRESSIVE;
				CLANG_CXX_LANGUAGE_STANDARD = "gnu++17";
				CLANG_ENABLE_MODULES = YES;
				CLANG_ENABLE_OBJC_ARC = YES;
				CLANG_ENABLE_OBJC_WEAK = YES;
				CLANG_WARN_BLOCK_CAPTURE_AUTORELEASING = YES;
				CLANG_WARN_BOOL_CONVERSION = YES;
				CLANG_WARN_COMMA = YES;
				CLANG_WARN_CONSTANT_CONVERSION = YES;
				CLANG_WARN_DEPRECATED_OBJC_IMPLEMENTATIONS = YES;
				CLANG_WARN_DIRECT_OBJC_ISA_USAGE = YES_ERROR;
				CLANG_WARN_DOCUMENTATION_COMMENTS = YES;
				CLANG_WARN_EMPTY_BODY = YES;
				CLANG_WARN_ENUM_CONVERSION = YES;
				CLANG_WARN_INFINITE_RECURSION = YES;
				CLANG_WARN_INT_CONVERSION = YES;
				CLANG_WARN_NON_LITERAL_NULL_CONVERSION = YES;
				CLANG_WARN_OBJC_IMPLICIT_RETAIN_SELF = YES;
				CLANG_WARN_OBJC_LITERAL_CONVERSION = YES;
				CLANG_WARN_OBJC_ROOT_CLASS = YES_ERROR;
				CLANG_WARN_QUOTED_INCLUDE_IN_FRAMEWORK_HEADER = YES;
				CLANG_WARN_RANGE_LOOP_ANALYSIS = YES;
				CLANG_WARN_STRICT_PROTOTYPES = YES;
				CLANG_WARN_SUSPICIOUS_MOVE = YES;
				CLANG_WARN_UNGUARDED_AVAILABILITY = YES_AGGRESSIVE;
				CLANG_WARN_UNREACHABLE_CODE = YES;
				CLANG_WARN__DUPLICATE_METHOD_MATCH = YES;
				COPY_PHASE_STRIP = NO;
				DEBUG_INFORMATION_FORMAT = "dwarf-with-dsym";
				ENABLE_NS_ASSERTIONS = NO;
				ENABLE_STRICT_OBJC_MSGSEND = YES;
				GCC_C_LANGUAGE_STANDARD = gnu11;
				GCC_NO_COMMON_BLOCKS = YES;
				GCC_WARN_64_TO_32_BIT_CONVERSION = YES;
				GCC_WARN_ABOUT_RETURN_TYPE = YES_ERROR;
				GCC_WARN_UNDECLARED_SELECTOR = YES;
				GCC_WARN_UNINITIALIZED_AUTOS = YES_AGGRESSIVE;
				GCC_WARN_UNUSED_FUNCTION = YES;
				GCC_WARN_UNUSED_VARIABLE = YES;
				IPHONEOS_DEPLOYMENT_TARGET = 15.5;
				MTL_ENABLE_DEBUG_INFO = NO;
				MTL_FAST_MATH = YES;
				SDKROOT = iphoneos;
				SWIFT_COMPILATION_MODE = wholemodule;
				SWIFT_OPTIMIZATION_LEVEL = "-O";
				VALIDATE_PRODUCT = YES;
			};
			name = Release;
		};
		E590E9CE2A3D1F9A00142040 /* Debug */ = {
			isa = XCBuildConfiguration;
			buildSettings = {
				ASSETCATALOG_COMPILER_APPICON_NAME = AppIcon;
				ASSETCATALOG_COMPILER_GLOBAL_ACCENT_COLOR_NAME = AccentColor;
				CODE_SIGN_STYLE = Automatic;
				CURRENT_PROJECT_VERSION = 1;
				DEVELOPMENT_ASSET_PATHS = "\"Daily Diver/Preview Content\"";
				DEVELOPMENT_TEAM = 8CSSSC223D;
				ENABLE_PREVIEWS = YES;
				GENERATE_INFOPLIST_FILE = YES;
				INFOPLIST_KEY_UIApplicationSceneManifest_Generation = YES;
				INFOPLIST_KEY_UIApplicationSupportsIndirectInputEvents = YES;
				INFOPLIST_KEY_UILaunchScreen_Generation = YES;
				INFOPLIST_KEY_UISupportedInterfaceOrientations_iPad = "UIInterfaceOrientationPortrait UIInterfaceOrientationPortraitUpsideDown UIInterfaceOrientationLandscapeLeft UIInterfaceOrientationLandscapeRight";
				INFOPLIST_KEY_UISupportedInterfaceOrientations_iPhone = "UIInterfaceOrientationPortrait UIInterfaceOrientationLandscapeLeft UIInterfaceOrientationLandscapeRight";
				LD_RUNPATH_SEARCH_PATHS = (
					"$(inherited)",
					"@executable_path/Frameworks",
				);
				MARKETING_VERSION = 1.0;
				PRODUCT_BUNDLE_IDENTIFIER = "com.bradenhartley.Daily-Diver";
				PRODUCT_NAME = "$(TARGET_NAME)";
				SWIFT_EMIT_LOC_STRINGS = YES;
				SWIFT_VERSION = 5.0;
				TARGETED_DEVICE_FAMILY = "1,2";
			};
			name = Debug;
		};
		E590E9CF2A3D1F9A00142040 /* Release */ = {
			isa = XCBuildConfiguration;
			buildSettings = {
				ASSETCATALOG_COMPILER_APPICON_NAME = AppIcon;
				ASSETCATALOG_COMPILER_GLOBAL_ACCENT_COLOR_NAME = AccentColor;
				CODE_SIGN_STYLE = Automatic;
				CURRENT_PROJECT_VERSION = 1;
				DEVELOPMENT_ASSET_PATHS = "\"Daily Diver/Preview Content\"";
				DEVELOPMENT_TEAM = 8CSSSC223D;
				ENABLE_PREVIEWS = YES;
				GENERATE_INFOPLIST_FILE = YES;
				INFOPLIST_KEY_UIApplicationSceneManifest_Generation = YES;
				INFOPLIST_KEY_UIApplicationSupportsIndirectInputEvents = YES;
				INFOPLIST_KEY_UILaunchScreen_Generation = YES;
				INFOPLIST_KEY_UISupportedInterfaceOrientations_iPad = "UIInterfaceOrientationPortrait UIInterfaceOrientationPortraitUpsideDown UIInterfaceOrientationLandscapeLeft UIInterfaceOrientationLandscapeRight";
				INFOPLIST_KEY_UISupportedInterfaceOrientations_iPhone = "UIInterfaceOrientationPortrait UIInterfaceOrientationLandscapeLeft UIInterfaceOrientationLandscapeRight";
				LD_RUNPATH_SEARCH_PATHS = (
					"$(inherited)",
					"@executable_path/Frameworks",
				);
				MARKETING_VERSION = 1.0;
				PRODUCT_BUNDLE_IDENTIFIER = "com.bradenhartley.Daily-Diver";
				PRODUCT_NAME = "$(TARGET_NAME)";
				SWIFT_EMIT_LOC_STRINGS = YES;
				SWIFT_VERSION = 5.0;
				TARGETED_DEVICE_FAMILY = "1,2";
			};
			name = Release;
		};
/* End XCBuildConfiguration section */

/* Begin XCConfigurationList section */
		E590E9BA2A3D1F9800142040 /* Build configuration list for PBXProject "Daily Diver" */ = {
			isa = XCConfigurationList;
			buildConfigurations = (
				E590E9CB2A3D1F9A00142040 /* Debug */,
				E590E9CC2A3D1F9A00142040 /* Release */,
			);
			defaultConfigurationIsVisible = 0;
			defaultConfigurationName = Release;
		};
		E590E9CD2A3D1F9A00142040 /* Build configuration list for PBXNativeTarget "Daily Diver" */ = {
			isa = XCConfigurationList;
			buildConfigurations = (
				E590E9CE2A3D1F9A00142040 /* Debug */,
				E590E9CF2A3D1F9A00142040 /* Release */,
			);
			defaultConfigurationIsVisible = 0;
			defaultConfigurationName = Release;
		};
/* End XCConfigurationList section */
	};
	rootObject = E590E9B72A3D1F9800142040 /* Project object */;
}
